
Microsoft Visual Studio Solution File, Format Version 12.00
# Visual Studio Version 17
VisualStudioVersion = 17.9.34518.117
MinimumVisualStudioVersion = 10.0.40219.1
Project("{888888A0-9F3D-457C-B088-3A5042F75D52}") = "ArticyExtraction", "ArticyExtraction.pyproj", "{8D56D80C-4FE4-467D-8001-5BBC294570AF}"
EndProject
Global
	GlobalSection(SolutionConfigurationPlatforms) = preSolution
		Debug|Any CPU = Debug|Any CPU
		Release|Any CPU = Release|Any CPU
	EndGlobalSection
	GlobalSection(ProjectConfigurationPlatforms) = postSolution
		{8D56D80C-4FE4-467D-8001-5BBC294570AF}.Debug|Any CPU.ActiveCfg = Debug|Any CPU
		{8D56D80C-4FE4-467D-8001-5BBC294570AF}.Release|Any CPU.ActiveCfg = Release|Any CPU
	EndGlobalSection
	GlobalSection(SolutionProperties) = preSolution
		HideSolutionNode = FALSE
	EndGlobalSection
	GlobalSection(ExtensibilityGlobals) = postSolution
		SolutionGuid = {231B81D3-420C-4A49-A5A2-275BF06C1A5D}
	EndGlobalSection
EndGlobal
